
Microsoft Visual Studio Solution File, Format Version 12.00
# Visual Studio Version 17
VisualStudioVersion = 17.7.34018.315
MinimumVisualStudioVersion = 10.0.40219.1
Project("{FAE04EC0-301F-11D3-BF4B-00C04F79EFBC}") = "WindowsService1", "WindowsService1\WindowsService1.csproj", "{471F1655-3815-431A-9282-BEEA9B1AA769}"
EndProject
Project("{FAE04EC0-301F-11D3-BF4B-00C04F79EFBC}") = "ConsoleApp1", "ConsoleApp1\ConsoleApp1.csproj", "{13757073-F4F7-4063-9BC1-12651E35DA23}"
EndProject
Global
	GlobalSection(SolutionConfigurationPlatforms) = preSolution
		Debug|Any CPU = Debug|Any CPU
		Release|Any CPU = Release|Any CPU
	EndGlobalSection
	GlobalSection(ProjectConfigurationPlatforms) = postSolution
		{471F1655-3815-431A-9282-BEEA9B1AA769}.Debug|Any CPU.ActiveCfg = Debug|Any CPU
		{471F1655-3815-431A-9282-BEEA9B1AA769}.Debug|Any CPU.Build.0 = Debug|Any CPU
		{471F1655-3815-431A-9282-BEEA9B1AA769}.Release|Any CPU.ActiveCfg = Release|Any CPU
		{471F1655-3815-431A-9282-BEEA9B1AA769}.Release|Any CPU.Build.0 = Release|Any CPU
		{13757073-F4F7-4063-9BC1-12651E35DA23}.Debug|Any CPU.ActiveCfg = Debug|Any CPU
		{13757073-F4F7-4063-9BC1-12651E35DA23}.Debug|Any CPU.Build.0 = Debug|Any CPU
		{13757073-F4F7-4063-9BC1-12651E35DA23}.Release|Any CPU.ActiveCfg = Release|Any CPU
		{13757073-F4F7-4063-9BC1-12651E35DA23}.Release|Any CPU.Build.0 = Release|Any CPU
	EndGlobalSection
	GlobalSection(SolutionProperties) = preSolution
		HideSolutionNode = FALSE
	EndGlobalSection
	GlobalSection(ExtensibilityGlobals) = postSolution
		SolutionGuid = {5E5A232A-6925-4A81-9D50-033E82E5535F}
	EndGlobalSection
EndGlobal
